{
  "name": "@vorprog/new-package",
  "version": "1.0.0",
  "lockfileVersion": 2,
  "requires": true,
  "packages": {
    "": {
      "name": "@vorprog/new-package",
      "version": "1.0.0",
      "license": "ISC",
      "devDependencies": {
        "@vorprog/loop": "^1.0.0",
        "diff": "^5.0.0"
      }
    },
    "node_modules/@vorprog/loop": {
      "version": "1.0.0",
      "resolved": "https://registry.npmjs.org/@vorprog/loop/-/loop-1.0.0.tgz",
      "integrity": "sha512-r55acyEpZkcr2TfLpjucH0fGxXDn7F3bG+C/hhFfV3w1k6gEi4CxaaU+itd971qd2Fu//cfWRdKqkDLzyBuUDw==",
      "dev": true
    },
    "node_modules/diff": {
      "version": "5.0.0",
      "resolved": "https://registry.npmjs.org/diff/-/diff-5.0.0.tgz",
      "integrity": "sha512-/VTCrvm5Z0JGty/BWHljh+BAiw3IK+2j87NGMu8Nwc/f48WoDAC395uomO9ZD117ZOBaHmkX1oyLvkVM/aIT3w==",
      "dev": true,
      "engines": {
        "node": ">=0.3.1"
      }
    }
  },
  "dependencies": {
    "@vorprog/loop": {
      "version": "1.0.0",
      "resolved": "https://registry.npmjs.org/@vorprog/loop/-/loop-1.0.0.tgz",
      "integrity": "sha512-r55acyEpZkcr2TfLpjucH0fGxXDn7F3bG+C/hhFfV3w1k6gEi4CxaaU+itd971qd2Fu//cfWRdKqkDLzyBuUDw==",
      "dev": true
    },
    "diff": {
      "version": "5.0.0",
      "resolved": "https://registry.npmjs.org/diff/-/diff-5.0.0.tgz",
      "integrity": "sha512-/VTCrvm5Z0JGty/BWHljh+BAiw3IK+2j87NGMu8Nwc/f48WoDAC395uomO9ZD117ZOBaHmkX1oyLvkVM/aIT3w==",
      "dev": true
    }
  }
}
